
Microsoft Visual Studio Solution File, Format Version 12.00
# Visual Studio Version 17
VisualStudioVersion = 17.6.33723.286
MinimumVisualStudioVersion = 10.0.40219.1
Project("{9A19103F-16F7-4668-BE54-9A1E7A4F7556}") = "AadhaarSplitterAPI", "AadhaarSplitterAPI\AadhaarSplitterAPI.csproj", "{D0C8AC8A-06BA-4151-98DA-98F152566776}"
EndProject
Project("{FAE04EC0-301F-11D3-BF4B-00C04F79EFBC}") = "AadhaarSplitterTest", "..\AadhaarSplitterTest\AadhaarSplitterTest\AadhaarSplitterTest.csproj", "{68B8FEC0-0F23-46F6-9734-A296FB025F2D}"
EndProject
Global
	GlobalSection(SolutionConfigurationPlatforms) = preSolution
		Debug|Any CPU = Debug|Any CPU
		Release|Any CPU = Release|Any CPU
	EndGlobalSection
	GlobalSection(ProjectConfigurationPlatforms) = postSolution
		{D0C8AC8A-06BA-4151-98DA-98F152566776}.Debug|Any CPU.ActiveCfg = Debug|Any CPU
		{D0C8AC8A-06BA-4151-98DA-98F152566776}.Debug|Any CPU.Build.0 = Debug|Any CPU
		{D0C8AC8A-06BA-4151-98DA-98F152566776}.Release|Any CPU.ActiveCfg = Release|Any CPU
		{D0C8AC8A-06BA-4151-98DA-98F152566776}.Release|Any CPU.Build.0 = Release|Any CPU
		{68B8FEC0-0F23-46F6-9734-A296FB025F2D}.Debug|Any CPU.ActiveCfg = Debug|Any CPU
		{68B8FEC0-0F23-46F6-9734-A296FB025F2D}.Debug|Any CPU.Build.0 = Debug|Any CPU
		{68B8FEC0-0F23-46F6-9734-A296FB025F2D}.Release|Any CPU.ActiveCfg = Release|Any CPU
		{68B8FEC0-0F23-46F6-9734-A296FB025F2D}.Release|Any CPU.Build.0 = Release|Any CPU
	EndGlobalSection
	GlobalSection(SolutionProperties) = preSolution
		HideSolutionNode = FALSE
	EndGlobalSection
	GlobalSection(ExtensibilityGlobals) = postSolution
		SolutionGuid = {1AE1AF9A-FD16-43CF-83E4-E11692DE33BB}
	EndGlobalSection
EndGlobal
